{
  "lockfileVersion": 1,
  "configVersion": 1,
  "workspaces": {
    "": {
      "name": "omnisight-scripts",
      "dependencies": {
        "commander": "^12",
      },
      "devDependencies": {
        "@types/bun": "latest",
        "@types/node": "^26",
        "@typescript/native-preview": "latest",
        "typescript": "^6",
      },
    },
  },
  "packages": {
    "@types/bun": ["@types/bun@1.3.14", "", { "dependencies": { "bun-types": "1.3.14" } }, "sha512-h1hFqFVcvAvD9j9K7ZW7vd82aSA+rTdznZa+5bwvCwqSB1jmmfLcbIWhOLx1/+boy/xmjgCs/OMUL8hRJSmnPw=="],

    "@types/node": ["@types/node@26.1.0", "", { "dependencies": { "undici-types": "~8.3.0" } }, "sha512-O0A1G3xPGy4w7AgQdAQYUlQ+BKk2Oovw8eRpofyp5KdBZULnbe+WqaOVNrm705SHphCiG4XHsACrSmPu1f+Kgw=="],

    "@typescript/native-preview": ["@typescript/native-preview@7.0.0-dev.20260703.1", "", { "optionalDependencies": { "@typescript/native-preview-darwin-arm64": "7.0.0-dev.20260703.1", "@typescript/native-preview-darwin-x64": "7.0.0-dev.20260703.1", "@typescript/native-preview-linux-arm": "7.0.0-dev.20260703.1", "@typescript/native-preview-linux-arm64": "7.0.0-dev.20260703.1", "@typescript/native-preview-linux-x64": "7.0.0-dev.20260703.1", "@typescript/native-preview-win32-arm64": "7.0.0-dev.20260703.1", "@typescript/native-preview-win32-x64": "7.0.0-dev.20260703.1" }, "bin": { "tsgo": "bin/tsgo" } }, "sha512-qyEHkEeRWCSGLa6a8oArnMPdn3Vcl1AZj8YHLO7lK0VjEEF/YJfz1FvxmpEeuhy0ZDfvJ7GtgXbvbjcU3zpPjQ=="],

    "@typescript/native-preview-darwin-arm64": ["@typescript/native-preview-darwin-arm64@7.0.0-dev.20260703.1", "", { "os": "darwin", "cpu": "arm64" }, "sha512-EwJEd6hfaHrrbSLat6+xX8fZiAvG+/Ae1gqvJEayTNdDbkrZxmeLS23YdjUmDMIOKI2wa7zXQDid8WtrvDfMTQ=="],

    "@typescript/native-preview-darwin-x64": ["@typescript/native-preview-darwin-x64@7.0.0-dev.20260703.1", "", { "os": "darwin", "cpu": "x64" }, "sha512-tcS3gpivMq+BAiaupFqM5vuERykogJlfD4CjoxkSCksmmsKgWV96S2U/LjrKgll8R6/OEkg2VL2ycRG9+tIuHw=="],

    "@typescript/native-preview-linux-arm": ["@typescript/native-preview-linux-arm@7.0.0-dev.20260703.1", "", { "os": "linux", "cpu": "arm" }, "sha512-nluwnKcdGo6laWWYtWF3zFUDfi7nNrcD5S/T5382fVmtKmNqIdzFm9ANgSSGAavuzfdu9YJLaVWpx72Oe40AEQ=="],

    "@typescript/native-preview-linux-arm64": ["@typescript/native-preview-linux-arm64@7.0.0-dev.20260703.1", "", { "os": "linux", "cpu": "arm64" }, "sha512-m8IJTOneLXRtq6prLz8uuhp463kEt+AHV5Ceqp7G0o3eAvbKP059OwzK6WXCS5J0B3ZxX+BwBf9wDXSNidWJCw=="],

    "@typescript/native-preview-linux-x64": ["@typescript/native-preview-linux-x64@7.0.0-dev.20260703.1", "", { "os": "linux", "cpu": "x64" }, "sha512-5ga94rso68kaxJUzaufDVhka1zPaSbPgNXaemQO8faPW0crvRIkbv0g8bpG4pdWMV0tTylmluDles4ZcAzOprg=="],

    "@typescript/native-preview-win32-arm64": ["@typescript/native-preview-win32-arm64@7.0.0-dev.20260703.1", "", { "os": "win32", "cpu": "arm64" }, "sha512-YeRqOUuSyhbtryBSUE073OLpReIQXWJVyjP45gPLJ+0KAGvkd1VFz2FY1JEo++LyHoqXsGD2+qvdPpnTfSAIJg=="],

    "@typescript/native-preview-win32-x64": ["@typescript/native-preview-win32-x64@7.0.0-dev.20260703.1", "", { "os": "win32", "cpu": "x64" }, "sha512-WYNcbTaxCPgiDLrL2aPJ3BJA05nJU8DK0fUFGkGAER0oM+KcJcQUBeUkXg/7A4HBTNYcj7zIxqNgkJU1TRa/Kw=="],

    "bun-types": ["bun-types@1.3.14", "", { "dependencies": { "@types/node": "*" } }, "sha512-4N0ig0fEomHt5R0KCFWjovxow98rIoRwKolrYdCcknNwMekCXRnWEUvgu5soYV8QXtVsrUD8B95MBOZGPvr6KQ=="],

    "commander": ["commander@12.1.0", "", {}, "sha512-Vw8qHK3bZM9y/P10u3Vib8o/DdkvA2OtPtZvD871QKjy74Wj1WSKFILMPRPSdUSx5RFK1arlJzEtA4PkFgnbuA=="],

    "typescript": ["typescript@6.0.3", "", { "bin": { "tsc": "bin/tsc", "tsserver": "bin/tsserver" } }, "sha512-y2TvuxSZPDyQakkFRPZHKFm+KKVqIisdg9/CZwm9ftvKXLP8NRWj38/ODjNbr43SsoXqNuAisEf1GdCxqWcdBw=="],

    "undici-types": ["undici-types@8.3.0", "", {}, "sha512-j375ScV60dom+YkPFIfTLcOiPxkN/buHz5GobjLhixFuANaNs3C9l4GmrWqejgXWJ7BbJcFYpTEUkS1Ge8bpZQ=="],

    "bun-types/@types/node": ["@types/node@24.13.2", "", { "dependencies": { "undici-types": "~7.18.0" } }, "sha512-fRa09kZTgu8o71KFcDjUFuc7F+dEbZYZmkI0mg5YBTRs0yMKjYHsq/c0urDKeDb+D5qVgXOdFcuu+DZPKOITwA=="],

    "bun-types/@types/node/undici-types": ["undici-types@7.18.2", "", {}, "sha512-AsuCzffGHJybSaRrmr5eHr81mwJU3kjw6M+uprWvCXiNeN9SOGwQ3Jn8jb8m3Z6izVgknn1R0FTCEAP2QrLY/w=="],
  }
}
